
Microsoft Visual Studio Solution File, Format Version 12.00
# Visual Studio Version 16
VisualStudioVersion = 16.0.29709.97
MinimumVisualStudioVersion = 10.0.40219.1
Project("{FAE04EC0-301F-11D3-BF4B-00C04F79EFBC}") = "GameCommon", "GameCommon.csproj", "{A1E6ADD9-3392-4BB7-A78E-BBAFAE2C660A}"
EndProject
Global
	GlobalSection(SolutionConfigurationPlatforms) = preSolution
		Debug|Any CPU = Debug|Any CPU
		Release|Any CPU = Release|Any CPU
	EndGlobalSection
	GlobalSection(ProjectConfigurationPlatforms) = postSolution
		{A1E6ADD9-3392-4BB7-A78E-BBAFAE2C660A}.Debug|Any CPU.ActiveCfg = Debug|Any CPU
		{A1E6ADD9-3392-4BB7-A78E-BBAFAE2C660A}.Debug|Any CPU.Build.0 = Debug|Any CPU
		{A1E6ADD9-3392-4BB7-A78E-BBAFAE2C660A}.Release|Any CPU.ActiveCfg = Release|Any CPU
		{A1E6ADD9-3392-4BB7-A78E-BBAFAE2C660A}.Release|Any CPU.Build.0 = Release|Any CPU
	EndGlobalSection
	GlobalSection(SolutionProperties) = preSolution
		HideSolutionNode = FALSE
	EndGlobalSection
	GlobalSection(ExtensibilityGlobals) = postSolution
		SolutionGuid = {AB69138D-A5DD-47C5-81CF-D1627A09B61D}
	EndGlobalSection
EndGlobal
